{
  "requires": true,
  "lockfileVersion": 1,
  "dependencies": {
    "@angular/material-moment-adapter": {
      "version": "9.2.3",
      "resolved": "https://registry.npmjs.org/@angular/material-moment-adapter/-/material-moment-adapter-9.2.3.tgz",
      "integrity": "sha512-+B+njuV0rr2GKOglgXlFzgT6Pq7VMsPsMHhTkJWeRe96RVEIuT6pMehlHJAEQgaFi+LRjH1MIHLH2jcc0myDvg=="
    }
  }
}
